
Microsoft Visual Studio Solution File, Format Version 12.00
# Visual Studio Version 17
VisualStudioVersion = 17.3.32929.385
MinimumVisualStudioVersion = 10.0.40219.1
Project("{9A19103F-16F7-4668-BE54-9A1E7A4F7556}") = "TradingStraregyBacktesting", "TradingStraregyBacktesting\TradingStraregyBacktesting.csproj", "{266D8CE6-C54C-4E99-BE3F-E475AA445807}"
EndProject
Project("{FAE04EC0-301F-11D3-BF4B-00C04F79EFBC}") = "TradingStraregyBacktesting.Tests", "Tests\TradingStraregyBacktesting.test\TradingStraregyBacktesting.Tests.csproj", "{219EA63B-9BC7-40F5-8DF5-33FF08361BF2}"
EndProject
Global
	GlobalSection(SolutionConfigurationPlatforms) = preSolution
		Debug|Any CPU = Debug|Any CPU
		Release|Any CPU = Release|Any CPU
	EndGlobalSection
	GlobalSection(ProjectConfigurationPlatforms) = postSolution
		{266D8CE6-C54C-4E99-BE3F-E475AA445807}.Debug|Any CPU.ActiveCfg = Debug|Any CPU
		{266D8CE6-C54C-4E99-BE3F-E475AA445807}.Debug|Any CPU.Build.0 = Debug|Any CPU
		{266D8CE6-C54C-4E99-BE3F-E475AA445807}.Release|Any CPU.ActiveCfg = Release|Any CPU
		{266D8CE6-C54C-4E99-BE3F-E475AA445807}.Release|Any CPU.Build.0 = Release|Any CPU
		{219EA63B-9BC7-40F5-8DF5-33FF08361BF2}.Debug|Any CPU.ActiveCfg = Debug|Any CPU
		{219EA63B-9BC7-40F5-8DF5-33FF08361BF2}.Debug|Any CPU.Build.0 = Debug|Any CPU
		{219EA63B-9BC7-40F5-8DF5-33FF08361BF2}.Release|Any CPU.ActiveCfg = Release|Any CPU
		{219EA63B-9BC7-40F5-8DF5-33FF08361BF2}.Release|Any CPU.Build.0 = Release|Any CPU
	EndGlobalSection
	GlobalSection(SolutionProperties) = preSolution
		HideSolutionNode = FALSE
	EndGlobalSection
	GlobalSection(ExtensibilityGlobals) = postSolution
		SolutionGuid = {580DBA5F-5D6A-430F-8C2C-A90BE24C6A06}
	EndGlobalSection
EndGlobal
